
Microsoft Visual Studio Solution File, Format Version 12.00
# Visual Studio Version 16
VisualStudioVersion = 16.0.29020.237
MinimumVisualStudioVersion = 10.0.40219.1
Project("{9A19103F-16F7-4668-BE54-9A1E7A4F7556}") = "06-Fiap.Web.AspNet", "06-Fiap.Web.AspNet.csproj", "{1BEE9C2A-9500-4A53-B47E-E168C0AA0D58}"
EndProject
Global
	GlobalSection(SolutionConfigurationPlatforms) = preSolution
		Debug|Any CPU = Debug|Any CPU
		Release|Any CPU = Release|Any CPU
	EndGlobalSection
	GlobalSection(ProjectConfigurationPlatforms) = postSolution
		{1BEE9C2A-9500-4A53-B47E-E168C0AA0D58}.Debug|Any CPU.ActiveCfg = Debug|Any CPU
		{1BEE9C2A-9500-4A53-B47E-E168C0AA0D58}.Debug|Any CPU.Build.0 = Debug|Any CPU
		{1BEE9C2A-9500-4A53-B47E-E168C0AA0D58}.Release|Any CPU.ActiveCfg = Release|Any CPU
		{1BEE9C2A-9500-4A53-B47E-E168C0AA0D58}.Release|Any CPU.Build.0 = Release|Any CPU
	EndGlobalSection
	GlobalSection(SolutionProperties) = preSolution
		HideSolutionNode = FALSE
	EndGlobalSection
	GlobalSection(ExtensibilityGlobals) = postSolution
		SolutionGuid = {3A80669C-974F-416A-8B2D-96BECA0DEABE}
	EndGlobalSection
EndGlobal
